# This file is automatically @generated by Poetry 1.8.3 and should not be changed by hand.

[[package]]
name = "anyio"
version = "4.4.0"
description = "High level compatibility layer for multiple asynchronous event loop implementations"
optional = false
python-versions = ">=3.8"
files = [
    {file = "anyio-4.4.0-py3-none-any.whl", hash = "sha256:c1b2d8f46a8a812513012e1107cb0e68c17159a7a594208005a57dc776e1bdc7"},
    {file = "anyio-4.4.0.tar.gz", hash = "sha256:5aadc6a1bbb7cdb0bede386cac5e2940f5e2ff3aa20277e991cf028e0585ce94"},
]

[package.dependencies]
idna = ">=2.8"
sniffio = ">=1.1"

[package.extras]
doc = ["Sphinx (>=7)", "packaging", "sphinx-autodoc-typehints (>=1.2.0)", "sphinx-rtd-theme"]
test = ["anyio[trio]", "coverage[toml] (>=7)", "exceptiongroup (>=1.2.0)", "hypothesis (>=4.0)", "psutil (>=5.9)", "pytest (>=7.0)", "pytest-mock (>=3.6.1)", "trustme", "uvloop (>=0.17)"]
trio = ["trio (>=0.23)"]

[[package]]
name = "apscheduler"
version = "3.10.4"
description = "In-process task scheduler with Cron-like capabilities"
optional = false
python-versions = ">=3.6"
files = [
    {file = "APScheduler-3.10.4-py3-none-any.whl", hash = "sha256:fb91e8a768632a4756a585f79ec834e0e27aad5860bac7eaa523d9ccefd87661"},
    {file = "APScheduler-3.10.4.tar.gz", hash = "sha256:e6df071b27d9be898e486bc7940a7be50b4af2e9da7c08f0744a96d4bd4cef4a"},
]

[package.dependencies]
pytz = "*"
six = ">=1.4.0"
tzlocal = ">=2.0,<3.dev0 || >=4.dev0"

[package.extras]
doc = ["sphinx", "sphinx-rtd-theme"]
gevent = ["gevent"]
mongodb = ["pymongo (>=3.0)"]
redis = ["redis (>=3.0)"]
rethinkdb = ["rethinkdb (>=2.4.0)"]
sqlalchemy = ["sqlalchemy (>=1.4)"]
testing = ["pytest", "pytest-asyncio", "pytest-cov", "pytest-tornado5"]
tornado = ["tornado (>=4.3)"]
twisted = ["twisted"]
zookeeper = ["kazoo"]

[[package]]
name = "certifi"
version = "2024.6.2"
description = "Python package for providing Mozilla's CA Bundle."
optional = false
python-versions = ">=3.6"
files = [
    {file = "certifi-2024.6.2-py3-none-any.whl", hash = "sha256:ddc6c8ce995e6987e7faf5e3f1b02b302836a0e5d98ece18392cb1a36c72ad56"},
    {file = "certifi-2024.6.2.tar.gz", hash = "sha256:3cd43f1c6fa7dedc5899d69d3ad0398fd018ad1a17fba83ddaf78aa46c747516"},
]

[[package]]
name = "dependency-injector"
version = "4.41.0"
description = "Dependency injection framework for Python"
optional = false
python-versions = "*"
files = [
    {file = "dependency-injector-4.41.0.tar.gz", hash = "sha256:939dfc657104bc3e66b67afd3fb2ebb0850c9a1e73d0d26066f2bbdd8735ff9c"},
    {file = "dependency_injector-4.41.0-cp310-cp310-macosx_10_9_x86_64.whl", hash = "sha256:a2381a251b04244125148298212550750e6e1403e9b2850cc62e0e829d050ad3"},
    {file = "dependency_injector-4.41.0-cp310-cp310-manylinux_2_17_aarch64.manylinux2014_aarch64.whl", hash = "sha256:75280dfa23f7c88e1bf56c3920d58a43516816de6f6ab2a6650bb8a0f27d5c2c"},
    {file = "dependency_injector-4.41.0-cp310-cp310-manylinux_2_17_x86_64.manylinux2014_x86_64.whl", hash = "sha256:63bfba21f8bff654a80e9b9d06dd6c43a442990b73bf89cd471314c11c541ec2"},
    {file = "dependency_injector-4.41.0-cp310-cp310-manylinux_2_5_i686.manylinux1_i686.manylinux_2_17_i686.manylinux2014_i686.whl", hash = "sha256:3535d06416251715b45f8412482b58ec1c6196a4a3baa207f947f0b03a7c4b44"},
    {file = "dependency_injector-4.41.0-cp310-cp310-musllinux_1_1_aarch64.whl", hash = "sha256:d09c08c944a25dabfb454238c1a889acd85102b93ae497de523bf9ab7947b28a"},
    {file = "dependency_injector-4.41.0-cp310-cp310-musllinux_1_1_i686.whl", hash = "sha256:586a0821720b15932addbefb00f7370fbcd5831d6ebbd6494d774b44ff96d23a"},
    {file = "dependency_injector-4.41.0-cp310-cp310-musllinux_1_1_x86_64.whl", hash = "sha256:7fa4970f12a3fc95d8796938b11c41276ad1ff4c447b0e589212eab3fc527a90"},
    {file = "dependency_injector-4.41.0-cp310-cp310-win32.whl", hash = "sha256:d557e40673de984f78dab13ebd68d27fbb2f16d7c4e3b663ea2fa2f9fae6765b"},
    {file = "dependency_injector-4.41.0-cp310-cp310-win_amd64.whl", hash = "sha256:3744c327d18408e74781bd6d8b7738745ee80ef89f2c8daecf9ebd098cb84972"},
    {file = "dependency_injector-4.41.0-cp311-cp311-macosx_10_9_x86_64.whl", hash = "sha256:89c67edffe7007cf33cee79ecbca38f48efcc2add5c280717af434db6c789377"},
    {file = "dependency_injector-4.41.0-cp311-cp311-manylinux_2_17_aarch64.manylinux2014_aarch64.whl", hash = "sha256:786f7aac592e191c9caafc47732161d807bad65c62f260cd84cd73c7e2d67d6d"},
    {file = "dependency_injector-4.41.0-cp311-cp311-manylinux_2_17_x86_64.manylinux2014_x86_64.whl", hash = "sha256:b8b61a15bc46a3aa7b29bd8a7384b650aa3a7ef943491e93c49a0540a0b3dda4"},
    {file = "dependency_injector-4.41.0-cp311-cp311-manylinux_2_5_i686.manylinux1_i686.manylinux_2_17_i686.manylinux2014_i686.whl", hash = "sha256:a4f113e5d4c3070973ad76e5bda7317e500abae6083d78689f0b6e37cf403abf"},
    {file = "dependency_injector-4.41.0-cp311-cp311-musllinux_1_1_aarch64.whl", hash = "sha256:5fa3ed8f0700e47a0e7363f949b4525ffa8277aa1c5b10ca5b41fce4dea61bb9"},
    {file = "dependency_injector-4.41.0-cp311-cp311-musllinux_1_1_i686.whl", hash = "sha256:05e15ea0f2b14c1127e8b0d1597fef13f98845679f63bf670ba12dbfc12a16ef"},
    {file = "dependency_injector-4.41.0-cp311-cp311-musllinux_1_1_x86_64.whl", hash = "sha256:3055b3fc47a0d6e5f27defb4166c0d37543a4967c279549b154afaf506ce6efc"},
    {file = "dependency_injector-4.41.0-cp311-cp311-win32.whl", hash = "sha256:37d5954026e3831663518d78bdf4be9c2dbfea691edcb73c813aa3093aa4363a"},
    {file = "dependency_injector-4.41.0-cp311-cp311-win_amd64.whl", hash = "sha256:f89a507e389b7e4d4892dd9a6f5f4da25849e24f73275478634ac594d621ab3f"},
    {file = "dependency_injector-4.41.0-cp36-cp36m-macosx_10_9_x86_64.whl", hash = "sha256:ac79f3c05747f9724bd56c06985e78331fc6c85eb50f3e3f1a35e0c60f9977e9"},
    {file = "dependency_injector-4.41.0-cp36-cp36m-manylinux_2_17_aarch64.manylinux2014_aarch64.whl", hash = "sha256:75e7a733b372db3144a34020c4233f6b94db2c6342d6d16bc5245b1b941ee2bd"},
    {file = "dependency_injector-4.41.0-cp36-cp36m-manylinux_2_17_x86_64.manylinux2014_x86_64.whl", hash = "sha256:40936d9384363331910abd59dd244158ec3572abf9d37322f15095315ac99893"},
    {file = "dependency_injector-4.41.0-cp36-cp36m-manylinux_2_5_i686.manylinux1_i686.manylinux_2_17_i686.manylinux2014_i686.whl", hash = "sha256:4a31d9d60be4b585585081109480cfb2ef564d3b851cb32a139bf8408411a93a"},
    {file = "dependency_injector-4.41.0-cp36-cp36m-musllinux_1_1_aarch64.whl", hash = "sha256:953bfac819d32dc72b963767589e0ed372e5e9e78b03fb6b89419d0500d34bbe"},
    {file = "dependency_injector-4.41.0-cp36-cp36m-musllinux_1_1_i686.whl", hash = "sha256:8f0090ff14038f17a026ca408a3a0b0e7affb6aa7498b2b59d670f40ac970fbe"},
    {file = "dependency_injector-4.41.0-cp36-cp36m-musllinux_1_1_x86_64.whl", hash = "sha256:6b29abac56ce347d2eb58a560723e1663ee2125cf5cc38866ed92b84319927ec"},
    {file = "dependency_injector-4.41.0-cp36-cp36m-win32.whl", hash = "sha256:059fbb48333148143e8667a5323d162628dfe27c386bd0ed3deeecfc390338bf"},
    {file = "dependency_injector-4.41.0-cp36-cp36m-win_amd64.whl", hash = "sha256:16de2797dcfcc2263b8672bf0751166f7c7b369ca2ff9246ceb67b65f8e1d802"},
    {file = "dependency_injector-4.41.0-cp37-cp37m-macosx_10_9_x86_64.whl", hash = "sha256:c71d30b6708438050675f338edb9a25bea6c258478dbe5ec8405286756a2d347"},
    {file = "dependency_injector-4.41.0-cp37-cp37m-manylinux_2_17_aarch64.manylinux2014_aarch64.whl", hash = "sha256:d283aee588a72072439e6721cb64aa6cba5bc18c576ef0ab28285a6ec7a9d655"},
    {file = "dependency_injector-4.41.0-cp37-cp37m-manylinux_2_17_x86_64.manylinux2014_x86_64.whl", hash = "sha256:bc852da612c7e347f2fcf921df2eca2718697a49f648a28a63db3ab504fd9510"},
    {file = "dependency_injector-4.41.0-cp37-cp37m-manylinux_2_5_i686.manylinux1_i686.manylinux_2_17_i686.manylinux2014_i686.whl", hash = "sha256:02620454ee8101f77a317f3229935ce687480883d72a40858ff4b0c87c935cce"},
    {file = "dependency_injector-4.41.0-cp37-cp37m-musllinux_1_1_aarch64.whl", hash = "sha256:7a92680bea1c260e5c0d2d6cd60b0c913cba76a456a147db5ac047ecfcfcc758"},
    {file = "dependency_injector-4.41.0-cp37-cp37m-musllinux_1_1_i686.whl", hash = "sha256:168334cba3f1cbf55299ef38f0f2e31879115cc767b780c859f7814a52d80abb"},
    {file = "dependency_injector-4.41.0-cp37-cp37m-musllinux_1_1_x86_64.whl", hash = "sha256:48b6886a87b4ceb9b9f78550f77b2a5c7d2ce33bc83efd886556ad468cc9c85a"},
    {file = "dependency_injector-4.41.0-cp37-cp37m-win32.whl", hash = "sha256:87be84084a1b922c4ba15e2e5aa900ee24b78a5467997cb7aec0a1d6cdb4a00b"},
    {file = "dependency_injector-4.41.0-cp37-cp37m-win_amd64.whl", hash = "sha256:8b8cf1c6c56f5c18bdbd9f5e93b52ca29cb4d99606d4056e91f0c761eef496dc"},
    {file = "dependency_injector-4.41.0-cp38-cp38-macosx_10_9_x86_64.whl", hash = "sha256:a8686fa330c83251c75c8238697686f7a0e0f6d40658538089165dc72df9bcff"},
    {file = "dependency_injector-4.41.0-cp38-cp38-manylinux_2_17_aarch64.manylinux2014_aarch64.whl", hash = "sha256:8d670a844268dcd758195e58e9a5b39fc74bb8648aba99a13135a4a10ec9cfac"},
    {file = "dependency_injector-4.41.0-cp38-cp38-manylinux_2_17_x86_64.manylinux2014_x86_64.whl", hash = "sha256:9e3b9d41e0eff4c8e16fea1e33de66ff0030fe51137ca530f3c52ce110447914"},
    {file = "dependency_injector-4.41.0-cp38-cp38-manylinux_2_5_i686.manylinux1_i686.manylinux_2_17_i686.manylinux2014_i686.whl", hash = "sha256:33a724e0a737baadb4378f5dc1b079867cc3a88552fcca719b3dba84716828b2"},
    {file = "dependency_injector-4.41.0-cp38-cp38-musllinux_1_1_aarch64.whl", hash = "sha256:3588bd887b051d16b8bcabaae1127eb14059a0719a8fe34c8a75ba59321b352c"},
    {file = "dependency_injector-4.41.0-cp38-cp38-musllinux_1_1_i686.whl", hash = "sha256:409441122f40e1b4b8582845fdd76deb9dc5c9d6eb74a057b85736ef9e9c671f"},
    {file = "dependency_injector-4.41.0-cp38-cp38-musllinux_1_1_x86_64.whl", hash = "sha256:7dcba8665cafec825b7095d5dd80afb5cf14404450eca3fe8b66e1edbf4dbc10"},
    {file = "dependency_injector-4.41.0-cp38-cp38-win32.whl", hash = "sha256:8b51efeaebacaf79ef68edfc65e9687699ccffb3538c4a3ab30d0d77e2db7189"},
    {file = "dependency_injector-4.41.0-cp38-cp38-win_amd64.whl", hash = "sha256:1662e2ef60ac6e681b9e11b5d8b7c17a0f733688916cf695f9540f8f50a61b1e"},
    {file = "dependency_injector-4.41.0-cp39-cp39-macosx_10_9_x86_64.whl", hash = "sha256:51217cb384b468d7cc355544cec20774859f00812f9a1a71ed7fa701c957b2a7"},
    {file = "dependency_injector-4.41.0-cp39-cp39-manylinux_2_17_aarch64.manylinux2014_aarch64.whl", hash = "sha256:b3890a12423ae3a9eade035093beba487f8d092ee6c6cb8706f4e7080a56e819"},
    {file = "dependency_injector-4.41.0-cp39-cp39-manylinux_2_17_x86_64.manylinux2014_x86_64.whl", hash = "sha256:99ed73b1521bf249e2823a08a730c9f9413a58f4b4290da022e0ad4fb333ba3d"},
    {file = "dependency_injector-4.41.0-cp39-cp39-manylinux_2_5_i686.manylinux1_i686.manylinux_2_17_i686.manylinux2014_i686.whl", hash = "sha256:300838e9d4f3fbf539892a5a4072851728e23b37a1f467afcf393edd994d88f0"},
    {file = "dependency_injector-4.41.0-cp39-cp39-musllinux_1_1_aarch64.whl", hash = "sha256:56d37b9d2f50a18f059d9abdbea7669a7518bd42b81603c21a27910a2b3f1657"},
    {file = "dependency_injector-4.41.0-cp39-cp39-musllinux_1_1_i686.whl", hash = "sha256:4a44ca3ce5867513a70b31855b218be3d251f5068ce1c480cc3a4ad24ffd3280"},
    {file = "dependency_injector-4.41.0-cp39-cp39-musllinux_1_1_x86_64.whl", hash = "sha256:67b369592c57549ccdcad0d5fef1ddb9d39af7fed8083d76e789ab0111fc6389"},
    {file = "dependency_injector-4.41.0-cp39-cp39-win32.whl", hash = "sha256:740a8e8106a04d3f44b52b25b80570fdac96a8a3934423de7c9202c5623e7936"},
    {file = "dependency_injector-4.41.0-cp39-cp39-win_amd64.whl", hash = "sha256:22b11dbf696e184f0b3d5ac4e5418aeac3c379ba4ea758c04a83869b7e5d1cbf"},
    {file = "dependency_injector-4.41.0-pp37-pypy37_pp73-macosx_10_9_x86_64.whl", hash = "sha256:b365a8548e9a49049fa6acb24d3cd939f619eeb8e300ca3e156e44402dcc07ec"},
    {file = "dependency_injector-4.41.0-pp37-pypy37_pp73-manylinux_2_17_aarch64.manylinux2014_aarch64.whl", hash = "sha256:5168dc59808317dc4cdd235aa5d7d556d33e5600156acaf224cead236b48a3e8"},
    {file = "dependency_injector-4.41.0-pp37-pypy37_pp73-manylinux_2_5_i686.manylinux1_i686.manylinux_2_17_i686.manylinux2014_i686.whl", hash = "sha256:e3229d83e99e255451605d5276604386e06ad948e3d60f31ddd796781c77f76f"},
    {file = "dependency_injector-4.41.0-pp37-pypy37_pp73-manylinux_2_5_x86_64.manylinux1_x86_64.manylinux_2_17_x86_64.manylinux2014_x86_64.whl", hash = "sha256:1baee908f21190bdc46a65ce4c417a5175e9397ca62354928694fce218f84487"},
    {file = "dependency_injector-4.41.0-pp37-pypy37_pp73-win_amd64.whl", hash = "sha256:b37f36ecb0c1227f697e1d4a029644e3eda8dd0f0716aa63ad04d96dbb15bbbb"},
    {file = "dependency_injector-4.41.0-pp38-pypy38_pp73-macosx_10_9_x86_64.whl", hash = "sha256:b0c9c966ff66c77364a2d43d08de9968aff7e3903938fe912ba49796b2133344"},
    {file = "dependency_injector-4.41.0-pp38-pypy38_pp73-manylinux_2_17_aarch64.manylinux2014_aarch64.whl", hash = "sha256:12e91ac0333e7e589421943ff6c6bf9cf0d9ac9703301cec37ccff3723406332"},
    {file = "dependency_injector-4.41.0-pp38-pypy38_pp73-manylinux_2_5_i686.manylinux1_i686.manylinux_2_17_i686.manylinux2014_i686.whl", hash = "sha256:b2440b32474d4e747209528ca3ae48f42563b2fbe3d74dbfe949c11dfbfef7c4"},
    {file = "dependency_injector-4.41.0-pp38-pypy38_pp73-manylinux_2_5_x86_64.manylinux1_x86_64.manylinux_2_17_x86_64.manylinux2014_x86_64.whl", hash = "sha256:54032d62610cf2f4421c9d92cef52957215aaa0bca403cda580c58eb3f726eda"},
    {file = "dependency_injector-4.41.0-pp38-pypy38_pp73-win_amd64.whl", hash = "sha256:76b94c8310929e54136f3cb3de3adc86d1a657b3984299f40bf1cd2ba0bae548"},
    {file = "dependency_injector-4.41.0-pp39-pypy39_pp73-macosx_10_9_x86_64.whl", hash = "sha256:6ee9810841c6e0599356cb884d16453bfca6ab739d0e4f0248724ed8f9ee0d79"},
    {file = "dependency_injector-4.41.0-pp39-pypy39_pp73-manylinux_2_17_aarch64.manylinux2014_aarch64.whl", hash = "sha256:6b98945edae88e777091bf0848f869fb94bd76dfa4066d7c870a5caa933391d0"},
    {file = "dependency_injector-4.41.0-pp39-pypy39_pp73-manylinux_2_5_i686.manylinux1_i686.manylinux_2_17_i686.manylinux2014_i686.whl", hash = "sha256:a2dee5d4abdd21f1a30a51d46645c095be9dcc404c7c6e9f81d0a01415a49e64"},
    {file = "dependency_injector-4.41.0-pp39-pypy39_pp73-manylinux_2_5_x86_64.manylinux1_x86_64.manylinux_2_17_x86_64.manylinux2014_x86_64.whl", hash = "sha256:d03f5fa0fa98a18bd0dfce846db80e2798607f0b861f1f99c97f441f7669d7a2"},
    {file = "dependency_injector-4.41.0-pp39-pypy39_pp73-win_amd64.whl", hash = "sha256:f2842e15bae664a9f69932e922b02afa055c91efec959cb1896f6c499bf68180"},
]

[package.dependencies]
six = ">=1.7.0,<=1.16.0"

[package.extras]
aiohttp = ["aiohttp"]
flask = ["flask"]
pydantic = ["pydantic"]
yaml = ["pyyaml"]

[[package]]
name = "h11"
version = "0.14.0"
description = "A pure-Python, bring-your-own-I/O implementation of HTTP/1.1"
optional = false
python-versions = ">=3.7"
files = [
    {file = "h11-0.14.0-py3-none-any.whl", hash = "sha256:e3fe4ac4b851c468cc8363d500db52c2ead036020723024a109d37346efaa761"},
    {file = "h11-0.14.0.tar.gz", hash = "sha256:8f19fbbe99e72420ff35c00b27a34cb9937e902a8b810e2c88300c6f0a3b699d"},
]

[[package]]
name = "h2"
version = "4.1.0"
description = "HTTP/2 State-Machine based protocol implementation"
optional = false
python-versions = ">=3.6.1"
files = [
    {file = "h2-4.1.0-py3-none-any.whl", hash = "sha256:03a46bcf682256c95b5fd9e9a99c1323584c3eec6440d379b9903d709476bc6d"},
    {file = "h2-4.1.0.tar.gz", hash = "sha256:a83aca08fbe7aacb79fec788c9c0bac936343560ed9ec18b82a13a12c28d2abb"},
]

[package.dependencies]
hpack = ">=4.0,<5"
hyperframe = ">=6.0,<7"

[[package]]
name = "hpack"
version = "4.0.0"
description = "Pure-Python HPACK header compression"
optional = false
python-versions = ">=3.6.1"
files = [
    {file = "hpack-4.0.0-py3-none-any.whl", hash = "sha256:84a076fad3dc9a9f8063ccb8041ef100867b1878b25ef0ee63847a5d53818a6c"},
    {file = "hpack-4.0.0.tar.gz", hash = "sha256:fc41de0c63e687ebffde81187a948221294896f6bdc0ae2312708df339430095"},
]

[[package]]
name = "httpcore"
version = "1.0.5"
description = "A minimal low-level HTTP client."
optional = false
python-versions = ">=3.8"
files = [
    {file = "httpcore-1.0.5-py3-none-any.whl", hash = "sha256:421f18bac248b25d310f3cacd198d55b8e6125c107797b609ff9b7a6ba7991b5"},
    {file = "httpcore-1.0.5.tar.gz", hash = "sha256:34a38e2f9291467ee3b44e89dd52615370e152954ba21721378a87b2960f7a61"},
]

[package.dependencies]
certifi = "*"
h11 = ">=0.13,<0.15"

[package.extras]
asyncio = ["anyio (>=4.0,<5.0)"]
http2 = ["h2 (>=3,<5)"]
socks = ["socksio (==1.*)"]
trio = ["trio (>=0.22.0,<0.26.0)"]

[[package]]
name = "httpx"
version = "0.27.0"
description = "The next generation HTTP client."
optional = false
python-versions = ">=3.8"
files = [
    {file = "httpx-0.27.0-py3-none-any.whl", hash = "sha256:71d5465162c13681bff01ad59b2cc68dd838ea1f10e51574bac27103f00c91a5"},
    {file = "httpx-0.27.0.tar.gz", hash = "sha256:a0cb88a46f32dc874e04ee956e4c2764aba2aa228f650b06788ba6bda2962ab5"},
]

[package.dependencies]
anyio = "*"
certifi = "*"
h2 = {version = ">=3,<5", optional = true, markers = "extra == \"http2\""}
httpcore = "==1.*"
idna = "*"
sniffio = "*"

[package.extras]
brotli = ["brotli", "brotlicffi"]
cli = ["click (==8.*)", "pygments (==2.*)", "rich (>=10,<14)"]
http2 = ["h2 (>=3,<5)"]
socks = ["socksio (==1.*)"]

[[package]]
name = "hyperframe"
version = "6.0.1"
description = "HTTP/2 framing layer for Python"
optional = false
python-versions = ">=3.6.1"
files = [
    {file = "hyperframe-6.0.1-py3-none-any.whl", hash = "sha256:0ec6bafd80d8ad2195c4f03aacba3a8265e57bc4cff261e802bf39970ed02a15"},
    {file = "hyperframe-6.0.1.tar.gz", hash = "sha256:ae510046231dc8e9ecb1a6586f63d2347bf4c8905914aa84ba585ae85f28a914"},
]

[[package]]
name = "idna"
version = "3.7"
description = "Internationalized Domain Names in Applications (IDNA)"
optional = false
python-versions = ">=3.5"
files = [
    {file = "idna-3.7-py3-none-any.whl", hash = "sha256:82fee1fc78add43492d3a1898bfa6d8a904cc97d8427f683ed8e798d07761aa0"},
    {file = "idna-3.7.tar.gz", hash = "sha256:028ff3aadf0609c1fd278d8ea3089299412a7a8b9bd005dd08b9f8285bcb5cfc"},
]

[[package]]
name = "python-telegram-bot"
version = "21.3"
description = "We have made you a wrapper you can't refuse"
optional = false
python-versions = ">=3.8"
files = [
    {file = "python-telegram-bot-21.3.tar.gz", hash = "sha256:1be3c8b6f2b7354418109daa3f23c522e82ed22e7fc904346bee0c7b4aab52ae"},
    {file = "python_telegram_bot-21.3-py3-none-any.whl", hash = "sha256:8f575e6da903edd1e78967b5b481455ee6b27f2804d2384029177eab165f2e93"},
]

[package.dependencies]
APScheduler = {version = ">=3.10.4,<3.11.0", optional = true, markers = "extra == \"job-queue\""}
httpx = [
    {version = ">=0.27,<1.0"},
    {version = "*", extras = ["http2"], optional = true, markers = "extra == \"http2\""},
]
pytz = {version = ">=2018.6", optional = true, markers = "extra == \"job-queue\""}

[package.extras]
all = ["APScheduler (>=3.10.4,<3.11.0)", "aiolimiter (>=1.1.0,<1.2.0)", "cachetools (>=5.3.3,<5.4.0)", "cryptography (>=39.0.1)", "httpx[http2]", "httpx[socks]", "pytz (>=2018.6)", "tornado (>=6.4,<7.0)"]
callback-data = ["cachetools (>=5.3.3,<5.4.0)"]
ext = ["APScheduler (>=3.10.4,<3.11.0)", "aiolimiter (>=1.1.0,<1.2.0)", "cachetools (>=5.3.3,<5.4.0)", "pytz (>=2018.6)", "tornado (>=6.4,<7.0)"]
http2 = ["httpx[http2]"]
job-queue = ["APScheduler (>=3.10.4,<3.11.0)", "pytz (>=2018.6)"]
passport = ["cryptography (>=39.0.1)"]
rate-limiter = ["aiolimiter (>=1.1.0,<1.2.0)"]
socks = ["httpx[socks]"]
webhooks = ["tornado (>=6.4,<7.0)"]

[[package]]
name = "pytz"
version = "2024.1"
description = "World timezone definitions, modern and historical"
optional = false
python-versions = "*"
files = [
    {file = "pytz-2024.1-py2.py3-none-any.whl", hash = "sha256:328171f4e3623139da4983451950b28e95ac706e13f3f2630a879749e7a8b319"},
    {file = "pytz-2024.1.tar.gz", hash = "sha256:2a29735ea9c18baf14b448846bde5a48030ed267578472d8955cd0e7443a9812"},
]

[[package]]
name = "six"
version = "1.16.0"
description = "Python 2 and 3 compatibility utilities"
optional = false
python-versions = ">=2.7, !=3.0.*, !=3.1.*, !=3.2.*"
files = [
    {file = "six-1.16.0-py2.py3-none-any.whl", hash = "sha256:8abb2f1d86890a2dfb989f9a77cfcfd3e47c2a354b01111771326f8aa26e0254"},
    {file = "six-1.16.0.tar.gz", hash = "sha256:1e61c37477a1626458e36f7b1d82aa5c9b094fa4802892072e49de9c60c4c926"},
]

[[package]]
name = "sniffio"
version = "1.3.1"
description = "Sniff out which async library your code is running under"
optional = false
python-versions = ">=3.7"
files = [
    {file = "sniffio-1.3.1-py3-none-any.whl", hash = "sha256:2f6da418d1f1e0fddd844478f41680e794e6051915791a034ff65e5f100525a2"},
    {file = "sniffio-1.3.1.tar.gz", hash = "sha256:f4324edc670a0f49750a81b895f35c3adb843cca46f0530f79fc1babb23789dc"},
]

[[package]]
name = "tzdata"
version = "2024.1"
description = "Provider of IANA time zone data"
optional = false
python-versions = ">=2"
files = [
    {file = "tzdata-2024.1-py2.py3-none-any.whl", hash = "sha256:9068bc196136463f5245e51efda838afa15aaeca9903f49050dfa2679db4d252"},
    {file = "tzdata-2024.1.tar.gz", hash = "sha256:2674120f8d891909751c38abcdfd386ac0a5a1127954fbc332af6b5ceae07efd"},
]

[[package]]
name = "tzlocal"
version = "5.2"
description = "tzinfo object for the local timezone"
optional = false
python-versions = ">=3.8"
files = [
    {file = "tzlocal-5.2-py3-none-any.whl", hash = "sha256:49816ef2fe65ea8ac19d19aa7a1ae0551c834303d5014c6d5a62e4cbda8047b8"},
    {file = "tzlocal-5.2.tar.gz", hash = "sha256:8d399205578f1a9342816409cc1e46a93ebd5755e39ea2d85334bea911bf0e6e"},
]

[package.dependencies]
tzdata = {version = "*", markers = "platform_system == \"Windows\""}

[package.extras]
devenv = ["check-manifest", "pytest (>=4.3)", "pytest-cov", "pytest-mock (>=3.3)", "zest.releaser"]

[metadata]
lock-version = "2.0"
python-versions = "^3.11"
content-hash = "888cb3abf767f3fa5a0ebadc77835da27c122d27eb4610b4306e7a8609c698d7"
